
Microsoft Visual Studio Solution File, Format Version 12.00
# Visual Studio Version 17
VisualStudioVersion = 17.8.34309.116
MinimumVisualStudioVersion = 10.0.40219.1
Project("{9A19103F-16F7-4668-BE54-9A1E7A4F7556}") = "NP.Lti13Platform.Core", "Lti13Platform.Core\NP.Lti13Platform.Core.csproj", "{3EF9C6CA-39BB-4F18-A8C1-8CCDFE2023D5}"
EndProject
Project("{FAE04EC0-301F-11D3-BF4B-00C04F79EFBC}") = "NP.Lti13Platform.Test", "Lti13Platform.Test\NP.Lti13Platform.Test.csproj", "{FFA6228F-50F4-4D72-A644-CD64A7F549FF}"
EndProject
Project("{FAE04EC0-301F-11D3-BF4B-00C04F79EFBC}") = "NP.Lti13Platform.WebExample", "Lti13Platform.WebExample\NP.Lti13Platform.WebExample.csproj", "{EA964601-16BF-447B-B4B1-AE510F1E3A94}"
EndProject
Global
	GlobalSection(SolutionConfigurationPlatforms) = preSolution
		Debug|Any CPU = Debug|Any CPU
		Release|Any CPU = Release|Any CPU
	EndGlobalSection
	GlobalSection(ProjectConfigurationPlatforms) = postSolution
		{3EF9C6CA-39BB-4F18-A8C1-8CCDFE2023D5}.Debug|Any CPU.ActiveCfg = Debug|Any CPU
		{3EF9C6CA-39BB-4F18-A8C1-8CCDFE2023D5}.Debug|Any CPU.Build.0 = Debug|Any CPU
		{3EF9C6CA-39BB-4F18-A8C1-8CCDFE2023D5}.Release|Any CPU.ActiveCfg = Release|Any CPU
		{3EF9C6CA-39BB-4F18-A8C1-8CCDFE2023D5}.Release|Any CPU.Build.0 = Release|Any CPU
		{FFA6228F-50F4-4D72-A644-CD64A7F549FF}.Debug|Any CPU.ActiveCfg = Debug|Any CPU
		{FFA6228F-50F4-4D72-A644-CD64A7F549FF}.Debug|Any CPU.Build.0 = Debug|Any CPU
		{FFA6228F-50F4-4D72-A644-CD64A7F549FF}.Release|Any CPU.ActiveCfg = Release|Any CPU
		{FFA6228F-50F4-4D72-A644-CD64A7F549FF}.Release|Any CPU.Build.0 = Release|Any CPU
		{EA964601-16BF-447B-B4B1-AE510F1E3A94}.Debug|Any CPU.ActiveCfg = Debug|Any CPU
		{EA964601-16BF-447B-B4B1-AE510F1E3A94}.Debug|Any CPU.Build.0 = Debug|Any CPU
		{EA964601-16BF-447B-B4B1-AE510F1E3A94}.Release|Any CPU.ActiveCfg = Release|Any CPU
		{EA964601-16BF-447B-B4B1-AE510F1E3A94}.Release|Any CPU.Build.0 = Release|Any CPU
	EndGlobalSection
	GlobalSection(SolutionProperties) = preSolution
		HideSolutionNode = FALSE
	EndGlobalSection
	GlobalSection(ExtensibilityGlobals) = postSolution
		SolutionGuid = {9110C9E8-8E60-463B-BF3A-7D2778485605}
	EndGlobalSection
EndGlobal
