
Microsoft Visual Studio Solution File, Format Version 12.00
# Visual Studio Version 17
VisualStudioVersion = 17.8.34309.116
MinimumVisualStudioVersion = 10.0.40219.1
Project("{9A19103F-16F7-4668-BE54-9A1E7A4F7556}") = "NP.Lti13Platform.Core", "NP.Lti13Platform.Core\NP.Lti13Platform.Core.csproj", "{3EF9C6CA-39BB-4F18-A8C1-8CCDFE2023D5}"
EndProject
Project("{9A19103F-16F7-4668-BE54-9A1E7A4F7556}") = "NP.Lti13Platform.Test", "NP.Lti13Platform.Test\NP.Lti13Platform.Test.csproj", "{FFA6228F-50F4-4D72-A644-CD64A7F549FF}"
EndProject
Project("{9A19103F-16F7-4668-BE54-9A1E7A4F7556}") = "NP.Lti13Platform.WebExample", "NP.Lti13Platform.WebExample\NP.Lti13Platform.WebExample.csproj", "{EA964601-16BF-447B-B4B1-AE510F1E3A94}"
EndProject
Project("{9A19103F-16F7-4668-BE54-9A1E7A4F7556}") = "NP.Lti13Platform.AssignmentGradeServices", "NP.Lti13Platform.AssignmentGradeServices\NP.Lti13Platform.AssignmentGradeServices.csproj", "{3C6B14C7-5392-4F85-A6B7-72BE2771ACB0}"
EndProject
Project("{9A19103F-16F7-4668-BE54-9A1E7A4F7556}") = "NP.Lti13Platform.DeepLinking", "NP.Lti13Platform.DeepLinking\NP.Lti13Platform.DeepLinking.csproj", "{77EDBF5D-0981-4DF5-9CBA-318111238806}"
EndProject
Project("{9A19103F-16F7-4668-BE54-9A1E7A4F7556}") = "NP.Lti13Platform.NameRoleProvisioningServices", "NP.Lti13Platform.NameRoleProvisioningServices\NP.Lti13Platform.NameRoleProvisioningServices.csproj", "{F66A42F5-6EB2-4488-A620-36FF6B2685A8}"
EndProject
Project("{FAE04EC0-301F-11D3-BF4B-00C04F79EFBC}") = "NP.Lti13Platform", "NP.Lti13Platform\NP.Lti13Platform.csproj", "{37BBC1AF-908E-41DF-B017-95BF4DAE31DE}"
EndProject
Project("{FAE04EC0-301F-11D3-BF4B-00C04F79EFBC}") = "NP.Lti13Platform.SubmissionReviewService", "NP.Lti13Platform.SubmissionReviewService\NP.Lti13Platform.SubmissionReviewService.csproj", "{115CAE56-F9D9-4418-B426-47D689318826}"
EndProject
Project("{FAE04EC0-301F-11D3-BF4B-00C04F79EFBC}") = "NP.Lti13Platform.DynamicRegistration", "NP.Lti13Platform.DynamicRegistration\NP.Lti13Platform.DynamicRegistration.csproj", "{FE6EACB1-C553-47D7-B931-AB5ECEC1E709}"
EndProject
Project("{FAE04EC0-301F-11D3-BF4B-00C04F79EFBC}") = "NP.Lti13Platform.CourseGroupsService", "NP.Lti13Platform.CourseGroupsService\NP.Lti13Platform.CourseGroupsService.csproj", "{E824DEE4-84B4-4BC6-8940-43EFA9099AE1}"
EndProject
Project("{FAE04EC0-301F-11D3-BF4B-00C04F79EFBC}") = "NP.Lti13Platform.ProctoringServices", "NP.Lti13Platform.ProctoringServices\NP.Lti13Platform.ProctoringServices.csproj", "{E119A4C8-5B2E-467E-AFAD-3C601D030D99}"
EndProject
Project("{FAE04EC0-301F-11D3-BF4B-00C04F79EFBC}") = "NP.Lti13Platform.SourceGenerator", "NP.Lti13Platform.SourceGenerator\NP.Lti13Platform.SourceGenerator.csproj", "{E94D3BF2-97FA-411D-8B58-842A762530EF}"
EndProject
Project("{2150E333-8FDC-42A3-9474-1A3956D46DE8}") = "Solution Items", "Solution Items", "{8EC462FD-D22E-90A8-E5CE-7E832BA40C5D}"
	ProjectSection(SolutionItems) = preProject
		.github\workflows\ci.yml = .github\workflows\ci.yml
		README.md = README.md
		.github\workflows\release.yml = .github\workflows\release.yml
	EndProjectSection
EndProject
Global
	GlobalSection(SolutionConfigurationPlatforms) = preSolution
		Debug|Any CPU = Debug|Any CPU
		Release|Any CPU = Release|Any CPU
	EndGlobalSection
	GlobalSection(ProjectConfigurationPlatforms) = postSolution
		{3EF9C6CA-39BB-4F18-A8C1-8CCDFE2023D5}.Debug|Any CPU.ActiveCfg = Debug|Any CPU
		{3EF9C6CA-39BB-4F18-A8C1-8CCDFE2023D5}.Debug|Any CPU.Build.0 = Debug|Any CPU
		{3EF9C6CA-39BB-4F18-A8C1-8CCDFE2023D5}.Release|Any CPU.ActiveCfg = Release|Any CPU
		{3EF9C6CA-39BB-4F18-A8C1-8CCDFE2023D5}.Release|Any CPU.Build.0 = Release|Any CPU
		{FFA6228F-50F4-4D72-A644-CD64A7F549FF}.Debug|Any CPU.ActiveCfg = Debug|Any CPU
		{FFA6228F-50F4-4D72-A644-CD64A7F549FF}.Debug|Any CPU.Build.0 = Debug|Any CPU
		{FFA6228F-50F4-4D72-A644-CD64A7F549FF}.Release|Any CPU.ActiveCfg = Release|Any CPU
		{FFA6228F-50F4-4D72-A644-CD64A7F549FF}.Release|Any CPU.Build.0 = Release|Any CPU
		{EA964601-16BF-447B-B4B1-AE510F1E3A94}.Debug|Any CPU.ActiveCfg = Debug|Any CPU
		{EA964601-16BF-447B-B4B1-AE510F1E3A94}.Debug|Any CPU.Build.0 = Debug|Any CPU
		{EA964601-16BF-447B-B4B1-AE510F1E3A94}.Release|Any CPU.ActiveCfg = Release|Any CPU
		{EA964601-16BF-447B-B4B1-AE510F1E3A94}.Release|Any CPU.Build.0 = Release|Any CPU
		{3C6B14C7-5392-4F85-A6B7-72BE2771ACB0}.Debug|Any CPU.ActiveCfg = Debug|Any CPU
		{3C6B14C7-5392-4F85-A6B7-72BE2771ACB0}.Debug|Any CPU.Build.0 = Debug|Any CPU
		{3C6B14C7-5392-4F85-A6B7-72BE2771ACB0}.Release|Any CPU.ActiveCfg = Release|Any CPU
		{3C6B14C7-5392-4F85-A6B7-72BE2771ACB0}.Release|Any CPU.Build.0 = Release|Any CPU
		{77EDBF5D-0981-4DF5-9CBA-318111238806}.Debug|Any CPU.ActiveCfg = Debug|Any CPU
		{77EDBF5D-0981-4DF5-9CBA-318111238806}.Debug|Any CPU.Build.0 = Debug|Any CPU
		{77EDBF5D-0981-4DF5-9CBA-318111238806}.Release|Any CPU.ActiveCfg = Release|Any CPU
		{77EDBF5D-0981-4DF5-9CBA-318111238806}.Release|Any CPU.Build.0 = Release|Any CPU
		{F66A42F5-6EB2-4488-A620-36FF6B2685A8}.Debug|Any CPU.ActiveCfg = Debug|Any CPU
		{F66A42F5-6EB2-4488-A620-36FF6B2685A8}.Debug|Any CPU.Build.0 = Debug|Any CPU
		{F66A42F5-6EB2-4488-A620-36FF6B2685A8}.Release|Any CPU.ActiveCfg = Release|Any CPU
		{F66A42F5-6EB2-4488-A620-36FF6B2685A8}.Release|Any CPU.Build.0 = Release|Any CPU
		{37BBC1AF-908E-41DF-B017-95BF4DAE31DE}.Debug|Any CPU.ActiveCfg = Debug|Any CPU
		{37BBC1AF-908E-41DF-B017-95BF4DAE31DE}.Debug|Any CPU.Build.0 = Debug|Any CPU
		{37BBC1AF-908E-41DF-B017-95BF4DAE31DE}.Release|Any CPU.ActiveCfg = Release|Any CPU
		{37BBC1AF-908E-41DF-B017-95BF4DAE31DE}.Release|Any CPU.Build.0 = Release|Any CPU
		{115CAE56-F9D9-4418-B426-47D689318826}.Debug|Any CPU.ActiveCfg = Debug|Any CPU
		{115CAE56-F9D9-4418-B426-47D689318826}.Debug|Any CPU.Build.0 = Debug|Any CPU
		{115CAE56-F9D9-4418-B426-47D689318826}.Release|Any CPU.ActiveCfg = Release|Any CPU
		{115CAE56-F9D9-4418-B426-47D689318826}.Release|Any CPU.Build.0 = Release|Any CPU
		{FE6EACB1-C553-47D7-B931-AB5ECEC1E709}.Debug|Any CPU.ActiveCfg = Debug|Any CPU
		{FE6EACB1-C553-47D7-B931-AB5ECEC1E709}.Debug|Any CPU.Build.0 = Debug|Any CPU
		{FE6EACB1-C553-47D7-B931-AB5ECEC1E709}.Release|Any CPU.ActiveCfg = Release|Any CPU
		{FE6EACB1-C553-47D7-B931-AB5ECEC1E709}.Release|Any CPU.Build.0 = Release|Any CPU
		{E824DEE4-84B4-4BC6-8940-43EFA9099AE1}.Debug|Any CPU.ActiveCfg = Debug|Any CPU
		{E824DEE4-84B4-4BC6-8940-43EFA9099AE1}.Debug|Any CPU.Build.0 = Debug|Any CPU
		{E824DEE4-84B4-4BC6-8940-43EFA9099AE1}.Release|Any CPU.ActiveCfg = Release|Any CPU
		{E824DEE4-84B4-4BC6-8940-43EFA9099AE1}.Release|Any CPU.Build.0 = Release|Any CPU
		{E119A4C8-5B2E-467E-AFAD-3C601D030D99}.Debug|Any CPU.ActiveCfg = Debug|Any CPU
		{E119A4C8-5B2E-467E-AFAD-3C601D030D99}.Debug|Any CPU.Build.0 = Debug|Any CPU
		{E119A4C8-5B2E-467E-AFAD-3C601D030D99}.Release|Any CPU.ActiveCfg = Release|Any CPU
		{E119A4C8-5B2E-467E-AFAD-3C601D030D99}.Release|Any CPU.Build.0 = Release|Any CPU
		{E94D3BF2-97FA-411D-8B58-842A762530EF}.Debug|Any CPU.ActiveCfg = Debug|Any CPU
		{E94D3BF2-97FA-411D-8B58-842A762530EF}.Debug|Any CPU.Build.0 = Debug|Any CPU
		{E94D3BF2-97FA-411D-8B58-842A762530EF}.Release|Any CPU.ActiveCfg = Release|Any CPU
		{E94D3BF2-97FA-411D-8B58-842A762530EF}.Release|Any CPU.Build.0 = Release|Any CPU
	EndGlobalSection
	GlobalSection(SolutionProperties) = preSolution
		HideSolutionNode = FALSE
	EndGlobalSection
	GlobalSection(ExtensibilityGlobals) = postSolution
		SolutionGuid = {9110C9E8-8E60-463B-BF3A-7D2778485605}
	EndGlobalSection
EndGlobal
